
Microsoft Visual Studio Solution File, Format Version 12.00
# Visual Studio 2012
Project("{2150E333-8FDC-42A3-9474-1A3956D46DE8}") = ".nuget", ".nuget", "{60323215-8CDE-47B7-B322-F33AEBFC1465}"
	ProjectSection(SolutionItems) = preProject
		.nuget\NuGet.Config = .nuget\NuGet.Config
		.nuget\NuGet.exe = .nuget\NuGet.exe
		.nuget\NuGet.targets = .nuget\NuGet.targets
	EndProjectSection
EndProject
Project("{FAE04EC0-301F-11D3-BF4B-00C04F79EFBC}") = "Owin.Client.Demo", "Owin.Client.Demo\Owin.Client.Demo.csproj", "{F14ABFCD-939C-4199-A544-4DF693D4FA87}"
EndProject
Project("{FAE04EC0-301F-11D3-BF4B-00C04F79EFBC}") = "Owin.Client", "Owin.Client\Owin.Client.csproj", "{0E4A9E96-AE2F-4115-A7D5-5162BB849620}"
EndProject
Global
	GlobalSection(SolutionConfigurationPlatforms) = preSolution
		Debug|Any CPU = Debug|Any CPU
		Release|Any CPU = Release|Any CPU
	EndGlobalSection
	GlobalSection(ProjectConfigurationPlatforms) = postSolution
		{F14ABFCD-939C-4199-A544-4DF693D4FA87}.Debug|Any CPU.ActiveCfg = Debug|Any CPU
		{F14ABFCD-939C-4199-A544-4DF693D4FA87}.Debug|Any CPU.Build.0 = Debug|Any CPU
		{F14ABFCD-939C-4199-A544-4DF693D4FA87}.Release|Any CPU.ActiveCfg = Release|Any CPU
		{F14ABFCD-939C-4199-A544-4DF693D4FA87}.Release|Any CPU.Build.0 = Release|Any CPU
		{0E4A9E96-AE2F-4115-A7D5-5162BB849620}.Debug|Any CPU.ActiveCfg = Debug|Any CPU
		{0E4A9E96-AE2F-4115-A7D5-5162BB849620}.Debug|Any CPU.Build.0 = Debug|Any CPU
		{0E4A9E96-AE2F-4115-A7D5-5162BB849620}.Release|Any CPU.ActiveCfg = Release|Any CPU
		{0E4A9E96-AE2F-4115-A7D5-5162BB849620}.Release|Any CPU.Build.0 = Release|Any CPU
	EndGlobalSection
	GlobalSection(SolutionProperties) = preSolution
		HideSolutionNode = FALSE
	EndGlobalSection
EndGlobal
